
Microsoft Visual Studio Solution File, Format Version 12.00
# Visual Studio 14
VisualStudioVersion = 14.0.22823.1
MinimumVisualStudioVersion = 10.0.40219.1
Project("{2150E333-8FDC-42A3-9474-1A3956D46DE8}") = "Solution Items", "Solution Items", "{A5ED9F27-FAE0-45B7-84F9-9D6C35C7E1AC}"
	ProjectSection(SolutionItems) = preProject
		build.proj = build.proj
		src\build\GitInfo.cache.pp = src\build\GitInfo.cache.pp
		src\build\GitInfo.cs.pp = src\build\GitInfo.cs.pp
		src\GitInfo.nuspec = src\GitInfo.nuspec
		src\build\GitInfo.targets = src\build\GitInfo.targets
		src\build\GitInfo.vb.pp = src\build\GitInfo.vb.pp
		src\build\GitInfo.xbuild = src\build\GitInfo.xbuild
	EndProjectSection
EndProject
Global
	GlobalSection(SolutionProperties) = preSolution
		HideSolutionNode = FALSE
	EndGlobalSection
EndGlobal
