
Microsoft Visual Studio Solution File, Format Version 12.00
# Visual Studio 15
VisualStudioVersion = 15.0.27110.0
MinimumVisualStudioVersion = 10.0.40219.1
Project("{2150E333-8FDC-42A3-9474-1A3956D46DE8}") = "Solution Items", "Solution Items", "{A5ED9F27-FAE0-45B7-84F9-9D6C35C7E1AC}"
	ProjectSection(SolutionItems) = preProject
		..\.editorconfig = ..\.editorconfig
		..\build.proj = ..\build.proj
	EndProjectSection
EndProject
Project("{2150E333-8FDC-42A3-9474-1A3956D46DE8}") = "GitInfo", "GitInfo", "{66BBEFCD-CF18-4251-BA2A-D4D57D9F75B2}"
	ProjectSection(SolutionItems) = preProject
		GitInfo\build\GitInfo.cache.pp = GitInfo\build\GitInfo.cache.pp
		GitInfo\build\GitInfo.cs.pp = GitInfo\build\GitInfo.cs.pp
		GitInfo\build\GitInfo.fs.pp = GitInfo\build\GitInfo.fs.pp
		GitInfo\GitInfo.nuspec = GitInfo\GitInfo.nuspec
		GitInfo\build\GitInfo.pdef.pp = GitInfo\build\GitInfo.pdef.pp
		GitInfo\build\GitInfo.targets = GitInfo\build\GitInfo.targets
		GitInfo\build\GitInfo.vb.pp = GitInfo\build\GitInfo.vb.pp
		GitInfo\build\GitInfo.xbuild = GitInfo\build\GitInfo.xbuild
		GitInfo\readme.txt = GitInfo\readme.txt
	EndProjectSection
EndProject
Global
	GlobalSection(SolutionProperties) = preSolution
		HideSolutionNode = FALSE
	EndGlobalSection
	GlobalSection(ExtensibilityGlobals) = postSolution
		SolutionGuid = {93849B01-5244-46B3-9C92-6DE66CBE4E8B}
	EndGlobalSection
EndGlobal
